
Microsoft Visual Studio Solution File, Format Version 12.00
# Visual Studio Version 17
VisualStudioVersion = 17.4.33213.308
MinimumVisualStudioVersion = 10.0.40219.1
Project("{FAE04EC0-301F-11D3-BF4B-00C04F79EFBC}") = "WindowsFormsApp1", "WindowsFormsApp1.csproj", "{79199918-2832-4817-83F2-B247DB57D276}"
EndProject
Global
	GlobalSection(SolutionConfigurationPlatforms) = preSolution
		Debug|Any CPU = Debug|Any CPU
		Release|Any CPU = Release|Any CPU
	EndGlobalSection
	GlobalSection(ProjectConfigurationPlatforms) = postSolution
		{79199918-2832-4817-83F2-B247DB57D276}.Debug|Any CPU.ActiveCfg = Debug|Any CPU
		{79199918-2832-4817-83F2-B247DB57D276}.Debug|Any CPU.Build.0 = Debug|Any CPU
		{79199918-2832-4817-83F2-B247DB57D276}.Release|Any CPU.ActiveCfg = Release|Any CPU
		{79199918-2832-4817-83F2-B247DB57D276}.Release|Any CPU.Build.0 = Release|Any CPU
	EndGlobalSection
	GlobalSection(SolutionProperties) = preSolution
		HideSolutionNode = FALSE
	EndGlobalSection
	GlobalSection(ExtensibilityGlobals) = postSolution
		SolutionGuid = {BC1934BB-BA40-4FE0-90E3-FC04B96756C7}
	EndGlobalSection
EndGlobal
